
Microsoft Visual Studio Solution File, Format Version 12.00
# Visual Studio Version 17
VisualStudioVersion = 17.2.32526.322
MinimumVisualStudioVersion = 10.0.40219.1
Project("{FAE04EC0-301F-11D3-BF4B-00C04F79EFBC}") = "RestApi", "RestApi\RestApi.csproj", "{632EA059-10CA-4D8F-B499-980B6142331D}"
EndProject
Project("{FAE04EC0-301F-11D3-BF4B-00C04F79EFBC}") = "RestApi.Domain", "RestApi.Domain\RestApi.Domain.csproj", "{4BD036FC-CA00-483F-88D8-D3D9DCE698AB}"
EndProject
Project("{FAE04EC0-301F-11D3-BF4B-00C04F79EFBC}") = "RestApi.Application", "RestApi.Application\RestApi.Application.csproj", "{6DB8D3DC-145B-41D7-8DA2-9678CE4A5468}"
EndProject
Project("{FAE04EC0-301F-11D3-BF4B-00C04F79EFBC}") = "RestApi.Infrastructure", "RestApi.Infrastructure\RestApi.Infrastructure.csproj", "{4584D4BE-2407-44CF-9655-C68EFD653B1F}"
EndProject
Global
	GlobalSection(SolutionConfigurationPlatforms) = preSolution
		Debug|Any CPU = Debug|Any CPU
		Release|Any CPU = Release|Any CPU
	EndGlobalSection
	GlobalSection(ProjectConfigurationPlatforms) = postSolution
		{632EA059-10CA-4D8F-B499-980B6142331D}.Debug|Any CPU.ActiveCfg = Debug|Any CPU
		{632EA059-10CA-4D8F-B499-980B6142331D}.Debug|Any CPU.Build.0 = Debug|Any CPU
		{632EA059-10CA-4D8F-B499-980B6142331D}.Release|Any CPU.ActiveCfg = Release|Any CPU
		{632EA059-10CA-4D8F-B499-980B6142331D}.Release|Any CPU.Build.0 = Release|Any CPU
		{4BD036FC-CA00-483F-88D8-D3D9DCE698AB}.Debug|Any CPU.ActiveCfg = Debug|Any CPU
		{4BD036FC-CA00-483F-88D8-D3D9DCE698AB}.Debug|Any CPU.Build.0 = Debug|Any CPU
		{4BD036FC-CA00-483F-88D8-D3D9DCE698AB}.Release|Any CPU.ActiveCfg = Release|Any CPU
		{4BD036FC-CA00-483F-88D8-D3D9DCE698AB}.Release|Any CPU.Build.0 = Release|Any CPU
		{6DB8D3DC-145B-41D7-8DA2-9678CE4A5468}.Debug|Any CPU.ActiveCfg = Debug|Any CPU
		{6DB8D3DC-145B-41D7-8DA2-9678CE4A5468}.Debug|Any CPU.Build.0 = Debug|Any CPU
		{6DB8D3DC-145B-41D7-8DA2-9678CE4A5468}.Release|Any CPU.ActiveCfg = Release|Any CPU
		{6DB8D3DC-145B-41D7-8DA2-9678CE4A5468}.Release|Any CPU.Build.0 = Release|Any CPU
		{4584D4BE-2407-44CF-9655-C68EFD653B1F}.Debug|Any CPU.ActiveCfg = Debug|Any CPU
		{4584D4BE-2407-44CF-9655-C68EFD653B1F}.Debug|Any CPU.Build.0 = Debug|Any CPU
		{4584D4BE-2407-44CF-9655-C68EFD653B1F}.Release|Any CPU.ActiveCfg = Release|Any CPU
		{4584D4BE-2407-44CF-9655-C68EFD653B1F}.Release|Any CPU.Build.0 = Release|Any CPU
	EndGlobalSection
	GlobalSection(SolutionProperties) = preSolution
		HideSolutionNode = FALSE
	EndGlobalSection
	GlobalSection(ExtensibilityGlobals) = postSolution
		SolutionGuid = {5C9E2073-7494-4E16-8DAE-D66E8105E0DC}
	EndGlobalSection
EndGlobal
